
Microsoft Visual Studio Solution File, Format Version 12.00
# Visual Studio Version 16
VisualStudioVersion = 16.0.810.14
MinimumVisualStudioVersion = 10.0.40219.1
Project("{FAE04EC0-301F-11D3-BF4B-00C04F79EFBC}") = "web-app-test", "web-app-test\web-app-test.csproj", "{A17DFD33-C038-4C4F-B76E-FAA614716274}"
EndProject
Project("{FAE04EC0-301F-11D3-BF4B-00C04F79EFBC}") = "UnitTest", "UnitTest\UnitTest.csproj", "{C739FCB2-7AEB-462F-A0D6-F8194AF9C5E4}"
EndProject
Global
	GlobalSection(SolutionConfigurationPlatforms) = preSolution
		Debug|Any CPU = Debug|Any CPU
		Release|Any CPU = Release|Any CPU
	EndGlobalSection
	GlobalSection(ProjectConfigurationPlatforms) = postSolution
		{A17DFD33-C038-4C4F-B76E-FAA614716274}.Debug|Any CPU.ActiveCfg = Debug|Any CPU
		{A17DFD33-C038-4C4F-B76E-FAA614716274}.Debug|Any CPU.Build.0 = Debug|Any CPU
		{A17DFD33-C038-4C4F-B76E-FAA614716274}.Release|Any CPU.ActiveCfg = Release|Any CPU
		{A17DFD33-C038-4C4F-B76E-FAA614716274}.Release|Any CPU.Build.0 = Release|Any CPU
		{C739FCB2-7AEB-462F-A0D6-F8194AF9C5E4}.Debug|Any CPU.ActiveCfg = Debug|Any CPU
		{C739FCB2-7AEB-462F-A0D6-F8194AF9C5E4}.Debug|Any CPU.Build.0 = Debug|Any CPU
		{C739FCB2-7AEB-462F-A0D6-F8194AF9C5E4}.Release|Any CPU.ActiveCfg = Release|Any CPU
		{C739FCB2-7AEB-462F-A0D6-F8194AF9C5E4}.Release|Any CPU.Build.0 = Release|Any CPU
	EndGlobalSection
	GlobalSection(SolutionProperties) = preSolution
		HideSolutionNode = FALSE
	EndGlobalSection
	GlobalSection(ExtensibilityGlobals) = postSolution
		SolutionGuid = {D1060BA0-2979-4B70-943E-27A05876AD69}
	EndGlobalSection
EndGlobal
